
Microsoft Visual Studio Solution File, Format Version 12.00
# Visual Studio 15
Project("{FAE04EC0-301F-11D3-BF4B-00C04F79EFBC}") = "ListaPessoaApp.Android", "ListaPessoaApp.Android\ListaPessoaApp.Android.csproj", "{67E89732-DFE3-481F-805D-C94345FA6EC7}"
EndProject
Project("{FAE04EC0-301F-11D3-BF4B-00C04F79EFBC}") = "ListaPessoaApp.iOS", "ListaPessoaApp.iOS\ListaPessoaApp.iOS.csproj", "{01A358C0-8121-4DF3-B459-E4F7BE9338FE}"
EndProject
Project("{FAE04EC0-301F-11D3-BF4B-00C04F79EFBC}") = "ListaPessoaApp", "ListaPessoaApp\ListaPessoaApp.csproj", "{16EE71E3-D8A5-482D-9FE5-7CA511AB4AEF}"
EndProject
Global
	GlobalSection(SolutionConfigurationPlatforms) = preSolution
		Debug|Any CPU = Debug|Any CPU
		Release|Any CPU = Release|Any CPU
		Debug|iPhoneSimulator = Debug|iPhoneSimulator
		Release|iPhoneSimulator = Release|iPhoneSimulator
		Debug|iPhone = Debug|iPhone
		Release|iPhone = Release|iPhone
		Ad-Hoc|iPhone = Ad-Hoc|iPhone
		AppStore|iPhone = AppStore|iPhone
	EndGlobalSection
	GlobalSection(ProjectConfigurationPlatforms) = postSolution
		{67E89732-DFE3-481F-805D-C94345FA6EC7}.Debug|Any CPU.ActiveCfg = Debug|Any CPU
		{67E89732-DFE3-481F-805D-C94345FA6EC7}.Debug|Any CPU.Build.0 = Debug|Any CPU
		{67E89732-DFE3-481F-805D-C94345FA6EC7}.Release|Any CPU.ActiveCfg = Release|Any CPU
		{67E89732-DFE3-481F-805D-C94345FA6EC7}.Release|Any CPU.Build.0 = Release|Any CPU
		{67E89732-DFE3-481F-805D-C94345FA6EC7}.Debug|iPhoneSimulator.ActiveCfg = Debug|Any CPU
		{67E89732-DFE3-481F-805D-C94345FA6EC7}.Debug|iPhoneSimulator.Build.0 = Debug|Any CPU
		{67E89732-DFE3-481F-805D-C94345FA6EC7}.Release|iPhoneSimulator.ActiveCfg = Release|Any CPU
		{67E89732-DFE3-481F-805D-C94345FA6EC7}.Release|iPhoneSimulator.Build.0 = Release|Any CPU
		{67E89732-DFE3-481F-805D-C94345FA6EC7}.Debug|iPhone.ActiveCfg = Debug|Any CPU
		{67E89732-DFE3-481F-805D-C94345FA6EC7}.Debug|iPhone.Build.0 = Debug|Any CPU
		{67E89732-DFE3-481F-805D-C94345FA6EC7}.Release|iPhone.ActiveCfg = Release|Any CPU
		{67E89732-DFE3-481F-805D-C94345FA6EC7}.Release|iPhone.Build.0 = Release|Any CPU
		{67E89732-DFE3-481F-805D-C94345FA6EC7}.Ad-Hoc|iPhone.ActiveCfg = Debug|Any CPU
		{67E89732-DFE3-481F-805D-C94345FA6EC7}.Ad-Hoc|iPhone.Build.0 = Debug|Any CPU
		{67E89732-DFE3-481F-805D-C94345FA6EC7}.AppStore|iPhone.ActiveCfg = Debug|Any CPU
		{67E89732-DFE3-481F-805D-C94345FA6EC7}.AppStore|iPhone.Build.0 = Debug|Any CPU
		{01A358C0-8121-4DF3-B459-E4F7BE9338FE}.Debug|Any CPU.ActiveCfg = Debug|iPhoneSimulator
		{01A358C0-8121-4DF3-B459-E4F7BE9338FE}.Debug|Any CPU.Build.0 = Debug|iPhoneSimulator
		{01A358C0-8121-4DF3-B459-E4F7BE9338FE}.Release|Any CPU.ActiveCfg = Release|iPhoneSimulator
		{01A358C0-8121-4DF3-B459-E4F7BE9338FE}.Release|Any CPU.Build.0 = Release|iPhoneSimulator
		{01A358C0-8121-4DF3-B459-E4F7BE9338FE}.Debug|iPhoneSimulator.ActiveCfg = Debug|iPhoneSimulator
		{01A358C0-8121-4DF3-B459-E4F7BE9338FE}.Debug|iPhoneSimulator.Build.0 = Debug|iPhoneSimulator
		{01A358C0-8121-4DF3-B459-E4F7BE9338FE}.Release|iPhoneSimulator.ActiveCfg = Release|iPhoneSimulator
		{01A358C0-8121-4DF3-B459-E4F7BE9338FE}.Release|iPhoneSimulator.Build.0 = Release|iPhoneSimulator
		{01A358C0-8121-4DF3-B459-E4F7BE9338FE}.Debug|iPhone.ActiveCfg = Debug|iPhone
		{01A358C0-8121-4DF3-B459-E4F7BE9338FE}.Debug|iPhone.Build.0 = Debug|iPhone
		{01A358C0-8121-4DF3-B459-E4F7BE9338FE}.Release|iPhone.ActiveCfg = Release|iPhone
		{01A358C0-8121-4DF3-B459-E4F7BE9338FE}.Release|iPhone.Build.0 = Release|iPhone
		{01A358C0-8121-4DF3-B459-E4F7BE9338FE}.Ad-Hoc|iPhone.ActiveCfg = Ad-Hoc|iPhone
		{01A358C0-8121-4DF3-B459-E4F7BE9338FE}.Ad-Hoc|iPhone.Build.0 = Ad-Hoc|iPhone
		{01A358C0-8121-4DF3-B459-E4F7BE9338FE}.AppStore|iPhone.ActiveCfg = AppStore|iPhone
		{01A358C0-8121-4DF3-B459-E4F7BE9338FE}.AppStore|iPhone.Build.0 = AppStore|iPhone
		{16EE71E3-D8A5-482D-9FE5-7CA511AB4AEF}.Debug|Any CPU.ActiveCfg = Debug|Any CPU
		{16EE71E3-D8A5-482D-9FE5-7CA511AB4AEF}.Debug|Any CPU.Build.0 = Debug|Any CPU
		{16EE71E3-D8A5-482D-9FE5-7CA511AB4AEF}.Release|Any CPU.ActiveCfg = Release|Any CPU
		{16EE71E3-D8A5-482D-9FE5-7CA511AB4AEF}.Release|Any CPU.Build.0 = Release|Any CPU
		{16EE71E3-D8A5-482D-9FE5-7CA511AB4AEF}.Debug|iPhoneSimulator.ActiveCfg = Debug|Any CPU
		{16EE71E3-D8A5-482D-9FE5-7CA511AB4AEF}.Debug|iPhoneSimulator.Build.0 = Debug|Any CPU
		{16EE71E3-D8A5-482D-9FE5-7CA511AB4AEF}.Release|iPhoneSimulator.ActiveCfg = Release|Any CPU
		{16EE71E3-D8A5-482D-9FE5-7CA511AB4AEF}.Release|iPhoneSimulator.Build.0 = Release|Any CPU
		{16EE71E3-D8A5-482D-9FE5-7CA511AB4AEF}.Debug|iPhone.ActiveCfg = Debug|Any CPU
		{16EE71E3-D8A5-482D-9FE5-7CA511AB4AEF}.Debug|iPhone.Build.0 = Debug|Any CPU
		{16EE71E3-D8A5-482D-9FE5-7CA511AB4AEF}.Release|iPhone.ActiveCfg = Release|Any CPU
		{16EE71E3-D8A5-482D-9FE5-7CA511AB4AEF}.Release|iPhone.Build.0 = Release|Any CPU
		{16EE71E3-D8A5-482D-9FE5-7CA511AB4AEF}.Ad-Hoc|iPhone.ActiveCfg = Debug|Any CPU
		{16EE71E3-D8A5-482D-9FE5-7CA511AB4AEF}.Ad-Hoc|iPhone.Build.0 = Debug|Any CPU
		{16EE71E3-D8A5-482D-9FE5-7CA511AB4AEF}.AppStore|iPhone.ActiveCfg = Debug|Any CPU
		{16EE71E3-D8A5-482D-9FE5-7CA511AB4AEF}.AppStore|iPhone.Build.0 = Debug|Any CPU
	EndGlobalSection
EndGlobal
